// !$*UTF8*$!
{
	archiveVersion = 1;
	classes = {
	};
	objectVersion = 55;
	objects = {

/* Begin PBXBuildFile section */
		152D7A5128344C060041B61B /* AppDelegate.swift in Sources */ = {isa = PBXBuildFile; fileRef = 152D7A5028344C060041B61B /* AppDelegate.swift */; };
		152D7A5328344C060041B61B /* SceneDelegate.swift in Sources */ = {isa = PBXBuildFile; fileRef = 152D7A5228344C060041B61B /* SceneDelegate.swift */; };
		152D7A5528344C060041B61B /* ViewController.swift in Sources */ = {isa = PBXBuildFile; fileRef = 152D7A5428344C060041B61B /* ViewController.swift */; };
		152D7A5828344C060041B61B /* Main.storyboard in Resources */ = {isa = PBXBuildFile; fileRef = 152D7A5628344C060041B61B /* Main.storyboard */; };
		152D7A5A28344C110041B61B /* Assets.xcassets in Resources */ = {isa = PBXBuildFile; fileRef = 152D7A5928344C110041B61B /* Assets.xcassets */; };
		152D7A5D28344C110041B61B /* LaunchScreen.storyboard in Resources */ = {isa = PBXBuildFile; fileRef = 152D7A5B28344C110041B61B /* LaunchScreen.storyboard */; };
		152D7A652834519C0041B61B /* ModelProduct.swift in Sources */ = {isa = PBXBuildFile; fileRef = 152D7A642834519C0041B61B /* ModelProduct.swift */; };
		15B9C4222835941F008396F3 /* ProductDescriptionViewController.swift in Sources */ = {isa = PBXBuildFile; fileRef = 15B9C4202835941E008396F3 /* ProductDescriptionViewController.swift */; };
		15B9C4232835941F008396F3 /* ProductDescriptionViewController.xib in Resources */ = {isa = PBXBuildFile; fileRef = 15B9C4212835941E008396F3 /* ProductDescriptionViewController.xib */; };
/* End PBXBuildFile section */

/* Begin PBXFileReference section */
		152D7A4D28344C050041B61B /* ProductDrecription.app */ = {isa = PBXFileReference; explicitFileType = wrapper.application; includeInIndex = 0; path = ProductDrecription.app; sourceTree = BUILT_PRODUCTS_DIR; };
		152D7A5028344C060041B61B /* AppDelegate.swift */ = {isa = PBXFileReference; lastKnownFileType = sourcecode.swift; path = AppDelegate.swift; sourceTree = "<group>"; };
		152D7A5228344C060041B61B /* SceneDelegate.swift */ = {isa = PBXFileReference; lastKnownFileType = sourcecode.swift; path = SceneDelegate.swift; sourceTree = "<group>"; };
		152D7A5428344C060041B61B /* ViewController.swift */ = {isa = PBXFileReference; lastKnownFileType = sourcecode.swift; path = ViewController.swift; sourceTree = "<group>"; };
		152D7A5728344C060041B61B /* Base */ = {isa = PBXFileReference; lastKnownFileType = file.storyboard; name = Base; path = Base.lproj/Main.storyboard; sourceTree = "<group>"; };
		152D7A5928344C110041B61B /* Assets.xcassets */ = {isa = PBXFileReference; lastKnownFileType = folder.assetcatalog; path = Assets.xcassets; sourceTree = "<group>"; };
		152D7A5C28344C110041B61B /* Base */ = {isa = PBXFileReference; lastKnownFileType = file.storyboard; name = Base; path = Base.lproj/LaunchScreen.storyboard; sourceTree = "<group>"; };
		152D7A5E28344C110041B61B /* Info.plist */ = {isa = PBXFileReference; lastKnownFileType = text.plist.xml; path = Info.plist; sourceTree = "<group>"; };
		152D7A642834519C0041B61B /* ModelProduct.swift */ = {isa = PBXFileReference; lastKnownFileType = sourcecode.swift; path = ModelProduct.swift; sourceTree = "<group>"; };
		15B9C4202835941E008396F3 /* ProductDescriptionViewController.swift */ = {isa = PBXFileReference; lastKnownFileType = sourcecode.swift; path = ProductDescriptionViewController.swift; sourceTree = "<group>"; };
		15B9C4212835941E008396F3 /* ProductDescriptionViewController.xib */ = {isa = PBXFileReference; lastKnownFileType = file.xib; path = ProductDescriptionViewController.xib; sourceTree = "<group>"; };
/* End PBXFileReference section */

/* Begin PBXFrameworksBuildPhase section */
		152D7A4A28344C050041B61B /* Frameworks */ = {
			isa = PBXFrameworksBuildPhase;
			buildActionMask = 2147483647;
			files = (
			);
			runOnlyForDeploymentPostprocessing = 0;
		};
/* End PBXFrameworksBuildPhase section */

/* Begin PBXGroup section */
		152D7A4428344C050041B61B = {
			isa = PBXGroup;
			children = (
				152D7A4F28344C060041B61B /* ProductDrecription */,
				152D7A4E28344C050041B61B /* Products */,
			);
			sourceTree = "<group>";
		};
		152D7A4E28344C050041B61B /* Products */ = {
			isa = PBXGroup;
			children = (
				152D7A4D28344C050041B61B /* ProductDrecription.app */,
			);
			name = Products;
			sourceTree = "<group>";
		};
		152D7A4F28344C060041B61B /* ProductDrecription */ = {
			isa = PBXGroup;
			children = (
				15B9C41F2835939F008396F3 /* DescripcionProducto */,
				152D7A5028344C060041B61B /* AppDelegate.swift */,
				152D7A5228344C060041B61B /* SceneDelegate.swift */,
				152D7A5428344C060041B61B /* ViewController.swift */,
				152D7A5628344C060041B61B /* Main.storyboard */,
				152D7A5928344C110041B61B /* Assets.xcassets */,
				152D7A5B28344C110041B61B /* LaunchScreen.storyboard */,
				152D7A5E28344C110041B61B /* Info.plist */,
				152D7A642834519C0041B61B /* ModelProduct.swift */,
			);
			path = ProductDrecription;
			sourceTree = "<group>";
		};
		15B9C41F2835939F008396F3 /* DescripcionProducto */ = {
			isa = PBXGroup;
			children = (
				15B9C4202835941E008396F3 /* ProductDescriptionViewController.swift */,
				15B9C4212835941E008396F3 /* ProductDescriptionViewController.xib */,
			);
			path = DescripcionProducto;
			sourceTree = "<group>";
		};
/* End PBXGroup section */

/* Begin PBXNativeTarget section */
		152D7A4C28344C050041B61B /* ProductDrecription */ = {
			isa = PBXNativeTarget;
			buildConfigurationList = 152D7A6128344C110041B61B /* Build configuration list for PBXNativeTarget "ProductDrecription" */;
			buildPhases = (
				152D7A4928344C050041B61B /* Sources */,
				152D7A4A28344C050041B61B /* Frameworks */,
				152D7A4B28344C050041B61B /* Resources */,
			);
			buildRules = (
			);
			dependencies = (
			);
			name = ProductDrecription;
			productName = ProductDrecription;
			productReference = 152D7A4D28344C050041B61B /* ProductDrecription.app */;
			productType = "com.apple.product-type.application";
		};
/* End PBXNativeTarget section */

/* Begin PBXProject section */
		152D7A4528344C050041B61B /* Project object */ = {
			isa = PBXProject;
			attributes = {
				BuildIndependentTargetsInParallel = 1;
				LastSwiftUpdateCheck = 1310;
				LastUpgradeCheck = 1310;
				TargetAttributes = {
					152D7A4C28344C050041B61B = {
						CreatedOnToolsVersion = 13.1;
					};
				};
			};
			buildConfigurationList = 152D7A4828344C050041B61B /* Build configuration list for PBXProject "ProductDrecription" */;
			compatibilityVersion = "Xcode 13.0";
			developmentRegion = en;
			hasScannedForEncodings = 0;
			knownRegions = (
				en,
				Base,
			);
			mainGroup = 152D7A4428344C050041B61B;
			productRefGroup = 152D7A4E28344C050041B61B /* Products */;
			projectDirPath = "";
			projectRoot = "";
			targets = (
				152D7A4C28344C050041B61B /* ProductDrecription */,
			);
		};
/* End PBXProject section */

/* Begin PBXResourcesBuildPhase section */
		152D7A4B28344C050041B61B /* Resources */ = {
			isa = PBXResourcesBuildPhase;
			buildActionMask = 2147483647;
			files = (
				152D7A5D28344C110041B61B /* LaunchScreen.storyboard in Resources */,
				15B9C4232835941F008396F3 /* ProductDescriptionViewController.xib in Resources */,
				152D7A5A28344C110041B61B /* Assets.xcassets in Resources */,
				152D7A5828344C060041B61B /* Main.storyboard in Resources */,
			);
			runOnlyForDeploymentPostprocessing = 0;
		};
/* End PBXResourcesBuildPhase section */

/* Begin PBXSourcesBuildPhase section */
		152D7A4928344C050041B61B /* Sources */ = {
			isa = PBXSourcesBuildPhase;
			buildActionMask = 2147483647;
			files = (
				152D7A5528344C060041B61B /* ViewController.swift in Sources */,
				152D7A5128344C060041B61B /* AppDelegate.swift in Sources */,
				152D7A5328344C060041B61B /* SceneDelegate.swift in Sources */,
				15B9C4222835941F008396F3 /* ProductDescriptionViewController.swift in Sources */,
				152D7A652834519C0041B61B /* ModelProduct.swift in Sources */,
			);
			runOnlyForDeploymentPostprocessing = 0;
		};
/* End PBXSourcesBuildPhase section */

/* Begin PBXVariantGroup section */
		152D7A5628344C060041B61B /* Main.storyboard */ = {
			isa = PBXVariantGroup;
			children = (
				152D7A5728344C060041B61B /* Base */,
			);
			name = Main.storyboard;
			sourceTree = "<group>";
		};
		152D7A5B28344C110041B61B /* LaunchScreen.storyboard */ = {
			isa = PBXVariantGroup;
			children = (
				152D7A5C28344C110041B61B /* Base */,
			);
			name = LaunchScreen.storyboard;
			sourceTree = "<group>";
		};
/* End PBXVariantGroup section */

/* Begin XCBuildConfiguration section */
		152D7A5F28344C110041B61B /* Debug */ = {
			isa = XCBuildConfiguration;
			buildSettings = {
				ALWAYS_SEARCH_USER_PATHS = NO;
				CLANG_ANALYZER_NONNULL = YES;
				CLANG_ANALYZER_NUMBER_OBJECT_CONVERSION = YES_AGGRESSIVE;
				CLANG_CXX_LANGUAGE_STANDARD = "gnu++17";
				CLANG_CXX_LIBRARY = "libc++";
				CLANG_ENABLE_MODULES = YES;
				CLANG_ENABLE_OBJC_ARC = YES;
				CLANG_ENABLE_OBJC_WEAK = YES;
				CLANG_WARN_BLOCK_CAPTURE_AUTORELEASING = YES;
				CLANG_WARN_BOOL_CONVERSION = YES;
				CLANG_WARN_COMMA = YES;
				CLANG_WARN_CONSTANT_CONVERSION = YES;
				CLANG_WARN_DEPRECATED_OBJC_IMPLEMENTATIONS = YES;
				CLANG_WARN_DIRECT_OBJC_ISA_USAGE = YES_ERROR;
				CLANG_WARN_DOCUMENTATION_COMMENTS = YES;
				CLANG_WARN_EMPTY_BODY = YES;
				CLANG_WARN_ENUM_CONVERSION = YES;
				CLANG_WARN_INFINITE_RECURSION = YES;
				CLANG_WARN_INT_CONVERSION = YES;
				CLANG_WARN_NON_LITERAL_NULL_CONVERSION = YES;
				CLANG_WARN_OBJC_IMPLICIT_RETAIN_SELF = YES;
				CLANG_WARN_OBJC_LITERAL_CONVERSION = YES;
				CLANG_WARN_OBJC_ROOT_CLASS = YES_ERROR;
				CLANG_WARN_QUOTED_INCLUDE_IN_FRAMEWORK_HEADER = YES;
				CLANG_WARN_RANGE_LOOP_ANALYSIS = YES;
				CLANG_WARN_STRICT_PROTOTYPES = YES;
				CLANG_WARN_SUSPICIOUS_MOVE = YES;
				CLANG_WARN_UNGUARDED_AVAILABILITY = YES_AGGRESSIVE;
				CLANG_WARN_UNREACHABLE_CODE = YES;
				CLANG_WARN__DUPLICATE_METHOD_MATCH = YES;
				COPY_PHASE_STRIP = NO;
				DEBUG_INFORMATION_FORMAT = dwarf;
				ENABLE_STRICT_OBJC_MSGSEND = YES;
				ENABLE_TESTABILITY = YES;
				GCC_C_LANGUAGE_STANDARD = gnu11;
				GCC_DYNAMIC_NO_PIC = NO;
				GCC_NO_COMMON_BLOCKS = YES;
				GCC_OPTIMIZATION_LEVEL = 0;
				GCC_PREPROCESSOR_DEFINITIONS = (
					"DEBUG=1",
					"$(inherited)",
				);
				GCC_WARN_64_TO_32_BIT_CONVERSION = YES;
				GCC_WARN_ABOUT_RETURN_TYPE = YES_ERROR;
				GCC_WARN_UNDECLARED_SELECTOR = YES;
				GCC_WARN_UNINITIALIZED_AUTOS = YES_AGGRESSIVE;
				GCC_WARN_UNUSED_FUNCTION = YES;
				GCC_WARN_UNUSED_VARIABLE = YES;
				IPHONEOS_DEPLOYMENT_TARGET = 15.0;
				MTL_ENABLE_DEBUG_INFO = INCLUDE_SOURCE;
				MTL_FAST_MATH = YES;
				ONLY_ACTIVE_ARCH = YES;
				SDKROOT = iphoneos;
				SWIFT_ACTIVE_COMPILATION_CONDITIONS = DEBUG;
				SWIFT_OPTIMIZATION_LEVEL = "-Onone";
			};
			name = Debug;
		};
		152D7A6028344C110041B61B /* Release */ = {
			isa = XCBuildConfiguration;
			buildSettings = {
				ALWAYS_SEARCH_USER_PATHS = NO;
				CLANG_ANALYZER_NONNULL = YES;
				CLANG_ANALYZER_NUMBER_OBJECT_CONVERSION = YES_AGGRESSIVE;
				CLANG_CXX_LANGUAGE_STANDARD = "gnu++17";
				CLANG_CXX_LIBRARY = "libc++";
				CLANG_ENABLE_MODULES = YES;
				CLANG_ENABLE_OBJC_ARC = YES;
				CLANG_ENABLE_OBJC_WEAK = YES;
				CLANG_WARN_BLOCK_CAPTURE_AUTORELEASING = YES;
				CLANG_WARN_BOOL_CONVERSION = YES;
				CLANG_WARN_COMMA = YES;
				CLANG_WARN_CONSTANT_CONVERSION = YES;
				CLANG_WARN_DEPRECATED_OBJC_IMPLEMENTATIONS = YES;
				CLANG_WARN_DIRECT_OBJC_ISA_USAGE = YES_ERROR;
				CLANG_WARN_DOCUMENTATION_COMMENTS = YES;
				CLANG_WARN_EMPTY_BODY = YES;
				CLANG_WARN_ENUM_CONVERSION = YES;
				CLANG_WARN_INFINITE_RECURSION = YES;
				CLANG_WARN_INT_CONVERSION = YES;
				CLANG_WARN_NON_LITERAL_NULL_CONVERSION = YES;
				CLANG_WARN_OBJC_IMPLICIT_RETAIN_SELF = YES;
				CLANG_WARN_OBJC_LITERAL_CONVERSION = YES;
				CLANG_WARN_OBJC_ROOT_CLASS = YES_ERROR;
				CLANG_WARN_QUOTED_INCLUDE_IN_FRAMEWORK_HEADER = YES;
				CLANG_WARN_RANGE_LOOP_ANALYSIS = YES;
				CLANG_WARN_STRICT_PROTOTYPES = YES;
				CLANG_WARN_SUSPICIOUS_MOVE = YES;
				CLANG_WARN_UNGUARDED_AVAILABILITY = YES_AGGRESSIVE;
				CLANG_WARN_UNREACHABLE_CODE = YES;
				CLANG_WARN__DUPLICATE_METHOD_MATCH = YES;
				COPY_PHASE_STRIP = NO;
				DEBUG_INFORMATION_FORMAT = "dwarf-with-dsym";
				ENABLE_NS_ASSERTIONS = NO;
				ENABLE_STRICT_OBJC_MSGSEND = YES;
				GCC_C_LANGUAGE_STANDARD = gnu11;
				GCC_NO_COMMON_BLOCKS = YES;
				GCC_WARN_64_TO_32_BIT_CONVERSION = YES;
				GCC_WARN_ABOUT_RETURN_TYPE = YES_ERROR;
				GCC_WARN_UNDECLARED_SELECTOR = YES;
				GCC_WARN_UNINITIALIZED_AUTOS = YES_AGGRESSIVE;
				GCC_WARN_UNUSED_FUNCTION = YES;
				GCC_WARN_UNUSED_VARIABLE = YES;
				IPHONEOS_DEPLOYMENT_TARGET = 15.0;
				MTL_ENABLE_DEBUG_INFO = NO;
				MTL_FAST_MATH = YES;
				SDKROOT = iphoneos;
				SWIFT_COMPILATION_MODE = wholemodule;
				SWIFT_OPTIMIZATION_LEVEL = "-O";
				VALIDATE_PRODUCT = YES;
			};
			name = Release;
		};
		152D7A6228344C110041B61B /* Debug */ = {
			isa = XCBuildConfiguration;
			buildSettings = {
				ASSETCATALOG_COMPILER_APPICON_NAME = AppIcon;
				ASSETCATALOG_COMPILER_GLOBAL_ACCENT_COLOR_NAME = AccentColor;
				CODE_SIGN_STYLE = Automatic;
				CURRENT_PROJECT_VERSION = 1;
				GENERATE_INFOPLIST_FILE = YES;
				INFOPLIST_FILE = ProductDrecription/Info.plist;
				INFOPLIST_KEY_UIApplicationSupportsIndirectInputEvents = YES;
				INFOPLIST_KEY_UILaunchStoryboardName = LaunchScreen;
				INFOPLIST_KEY_UIMainStoryboardFile = Main;
				INFOPLIST_KEY_UISupportedInterfaceOrientations_iPad = "UIInterfaceOrientationPortrait UIInterfaceOrientationPortraitUpsideDown UIInterfaceOrientationLandscapeLeft UIInterfaceOrientationLandscapeRight";
				INFOPLIST_KEY_UISupportedInterfaceOrientations_iPhone = "UIInterfaceOrientationPortrait UIInterfaceOrientationLandscapeLeft UIInterfaceOrientationLandscapeRight";
				LD_RUNPATH_SEARCH_PATHS = (
					"$(inherited)",
					"@executable_path/Frameworks",
				);
				MARKETING_VERSION = 1.0;
				PRODUCT_BUNDLE_IDENTIFIER = com.ProductDrecription;
				PRODUCT_NAME = "$(TARGET_NAME)";
				SWIFT_EMIT_LOC_STRINGS = YES;
				SWIFT_VERSION = 5.0;
				TARGETED_DEVICE_FAMILY = "1,2";
			};
			name = Debug;
		};
		152D7A6328344C110041B61B /* Release */ = {
			isa = XCBuildConfiguration;
			buildSettings = {
				ASSETCATALOG_COMPILER_APPICON_NAME = AppIcon;
				ASSETCATALOG_COMPILER_GLOBAL_ACCENT_COLOR_NAME = AccentColor;
				CODE_SIGN_STYLE = Automatic;
				CURRENT_PROJECT_VERSION = 1;
				GENERATE_INFOPLIST_FILE = YES;
				INFOPLIST_FILE = ProductDrecription/Info.plist;
				INFOPLIST_KEY_UIApplicationSupportsIndirectInputEvents = YES;
				INFOPLIST_KEY_UILaunchStoryboardName = LaunchScreen;
				INFOPLIST_KEY_UIMainStoryboardFile = Main;
				INFOPLIST_KEY_UISupportedInterfaceOrientations_iPad = "UIInterfaceOrientationPortrait UIInterfaceOrientationPortraitUpsideDown UIInterfaceOrientationLandscapeLeft UIInterfaceOrientationLandscapeRight";
				INFOPLIST_KEY_UISupportedInterfaceOrientations_iPhone = "UIInterfaceOrientationPortrait UIInterfaceOrientationLandscapeLeft UIInterfaceOrientationLandscapeRight";
				LD_RUNPATH_SEARCH_PATHS = (
					"$(inherited)",
					"@executable_path/Frameworks",
				);
				MARKETING_VERSION = 1.0;
				PRODUCT_BUNDLE_IDENTIFIER = com.ProductDrecription;
				PRODUCT_NAME = "$(TARGET_NAME)";
				SWIFT_EMIT_LOC_STRINGS = YES;
				SWIFT_VERSION = 5.0;
				TARGETED_DEVICE_FAMILY = "1,2";
			};
			name = Release;
		};
/* End XCBuildConfiguration section */

/* Begin XCConfigurationList section */
		152D7A4828344C050041B61B /* Build configuration list for PBXProject "ProductDrecription" */ = {
			isa = XCConfigurationList;
			buildConfigurations = (
				152D7A5F28344C110041B61B /* Debug */,
				152D7A6028344C110041B61B /* Release */,
			);
			defaultConfigurationIsVisible = 0;
			defaultConfigurationName = Release;
		};
		152D7A6128344C110041B61B /* Build configuration list for PBXNativeTarget "ProductDrecription" */ = {
			isa = XCConfigurationList;
			buildConfigurations = (
				152D7A6228344C110041B61B /* Debug */,
				152D7A6328344C110041B61B /* Release */,
			);
			defaultConfigurationIsVisible = 0;
			defaultConfigurationName = Release;
		};
/* End XCConfigurationList section */
	};
	rootObject = 152D7A4528344C050041B61B /* Project object */;
}
